
Microsoft Visual Studio Solution File, Format Version 12.00
# Visual Studio 14
VisualStudioVersion = 14.0.25420.1
MinimumVisualStudioVersion = 10.0.40219.1
Project("{D954291E-2A0B-460D-934E-DC6B0785DB48}") = "SocialPet", "SocialPet\SocialPet\SocialPet.shproj", "{12CEFA85-8F7B-46FE-AB8A-A09F78DB1ADA}"
EndProject
Project("{FAE04EC0-301F-11D3-BF4B-00C04F79EFBC}") = "SocialPet.Android", "SocialPet\SocialPet.Android\SocialPet.Android.csproj", "{E4F148BC-45E1-4A09-8A1B-F1277B50C4B9}"
EndProject
Project("{FAE04EC0-301F-11D3-BF4B-00C04F79EFBC}") = "SocialPet.UWP", "SocialPet\SocialPet.UWP\SocialPet.UWP.csproj", "{00E9CE97-DE11-40DA-8171-0878C794C434}"
EndProject
Global
	GlobalSection(SharedMSBuildProjectFiles) = preSolution
		SocialPet\SocialPet\SocialPet.projitems*{12cefa85-8f7b-46fe-ab8a-a09f78db1ada}*SharedItemsImports = 13
		SocialPet\SocialPet\SocialPet.projitems*{e4f148bc-45e1-4a09-8a1b-f1277b50c4b9}*SharedItemsImports = 4
	EndGlobalSection
	GlobalSection(SolutionConfigurationPlatforms) = preSolution
		Ad-Hoc|Any CPU = Ad-Hoc|Any CPU
		Ad-Hoc|ARM = Ad-Hoc|ARM
		Ad-Hoc|iPhone = Ad-Hoc|iPhone
		Ad-Hoc|iPhoneSimulator = Ad-Hoc|iPhoneSimulator
		Ad-Hoc|x64 = Ad-Hoc|x64
		Ad-Hoc|x86 = Ad-Hoc|x86
		AppStore|Any CPU = AppStore|Any CPU
		AppStore|ARM = AppStore|ARM
		AppStore|iPhone = AppStore|iPhone
		AppStore|iPhoneSimulator = AppStore|iPhoneSimulator
		AppStore|x64 = AppStore|x64
		AppStore|x86 = AppStore|x86
		Debug|Any CPU = Debug|Any CPU
		Debug|ARM = Debug|ARM
		Debug|iPhone = Debug|iPhone
		Debug|iPhoneSimulator = Debug|iPhoneSimulator
		Debug|x64 = Debug|x64
		Debug|x86 = Debug|x86
		Release|Any CPU = Release|Any CPU
		Release|ARM = Release|ARM
		Release|iPhone = Release|iPhone
		Release|iPhoneSimulator = Release|iPhoneSimulator
		Release|x64 = Release|x64
		Release|x86 = Release|x86
	EndGlobalSection
	GlobalSection(ProjectConfigurationPlatforms) = postSolution
		{E4F148BC-45E1-4A09-8A1B-F1277B50C4B9}.Ad-Hoc|Any CPU.ActiveCfg = Release|Any CPU
		{E4F148BC-45E1-4A09-8A1B-F1277B50C4B9}.Ad-Hoc|Any CPU.Build.0 = Release|Any CPU
		{E4F148BC-45E1-4A09-8A1B-F1277B50C4B9}.Ad-Hoc|Any CPU.Deploy.0 = Release|Any CPU
		{E4F148BC-45E1-4A09-8A1B-F1277B50C4B9}.Ad-Hoc|ARM.ActiveCfg = Release|Any CPU
		{E4F148BC-45E1-4A09-8A1B-F1277B50C4B9}.Ad-Hoc|ARM.Build.0 = Release|Any CPU
		{E4F148BC-45E1-4A09-8A1B-F1277B50C4B9}.Ad-Hoc|ARM.Deploy.0 = Release|Any CPU
		{E4F148BC-45E1-4A09-8A1B-F1277B50C4B9}.Ad-Hoc|iPhone.ActiveCfg = Release|Any CPU
		{E4F148BC-45E1-4A09-8A1B-F1277B50C4B9}.Ad-Hoc|iPhone.Build.0 = Release|Any CPU
		{E4F148BC-45E1-4A09-8A1B-F1277B50C4B9}.Ad-Hoc|iPhone.Deploy.0 = Release|Any CPU
		{E4F148BC-45E1-4A09-8A1B-F1277B50C4B9}.Ad-Hoc|iPhoneSimulator.ActiveCfg = Release|Any CPU
		{E4F148BC-45E1-4A09-8A1B-F1277B50C4B9}.Ad-Hoc|iPhoneSimulator.Build.0 = Release|Any CPU
		{E4F148BC-45E1-4A09-8A1B-F1277B50C4B9}.Ad-Hoc|iPhoneSimulator.Deploy.0 = Release|Any CPU
		{E4F148BC-45E1-4A09-8A1B-F1277B50C4B9}.Ad-Hoc|x64.ActiveCfg = Release|Any CPU
		{E4F148BC-45E1-4A09-8A1B-F1277B50C4B9}.Ad-Hoc|x64.Build.0 = Release|Any CPU
		{E4F148BC-45E1-4A09-8A1B-F1277B50C4B9}.Ad-Hoc|x64.Deploy.0 = Release|Any CPU
		{E4F148BC-45E1-4A09-8A1B-F1277B50C4B9}.Ad-Hoc|x86.ActiveCfg = Release|Any CPU
		{E4F148BC-45E1-4A09-8A1B-F1277B50C4B9}.Ad-Hoc|x86.Build.0 = Release|Any CPU
		{E4F148BC-45E1-4A09-8A1B-F1277B50C4B9}.Ad-Hoc|x86.Deploy.0 = Release|Any CPU
		{E4F148BC-45E1-4A09-8A1B-F1277B50C4B9}.AppStore|Any CPU.ActiveCfg = Release|Any CPU
		{E4F148BC-45E1-4A09-8A1B-F1277B50C4B9}.AppStore|Any CPU.Build.0 = Release|Any CPU
		{E4F148BC-45E1-4A09-8A1B-F1277B50C4B9}.AppStore|Any CPU.Deploy.0 = Release|Any CPU
		{E4F148BC-45E1-4A09-8A1B-F1277B50C4B9}.AppStore|ARM.ActiveCfg = Release|Any CPU
		{E4F148BC-45E1-4A09-8A1B-F1277B50C4B9}.AppStore|ARM.Build.0 = Release|Any CPU
		{E4F148BC-45E1-4A09-8A1B-F1277B50C4B9}.AppStore|ARM.Deploy.0 = Release|Any CPU
		{E4F148BC-45E1-4A09-8A1B-F1277B50C4B9}.AppStore|iPhone.ActiveCfg = Release|Any CPU
		{E4F148BC-45E1-4A09-8A1B-F1277B50C4B9}.AppStore|iPhone.Build.0 = Release|Any CPU
		{E4F148BC-45E1-4A09-8A1B-F1277B50C4B9}.AppStore|iPhone.Deploy.0 = Release|Any CPU
		{E4F148BC-45E1-4A09-8A1B-F1277B50C4B9}.AppStore|iPhoneSimulator.ActiveCfg = Release|Any CPU
		{E4F148BC-45E1-4A09-8A1B-F1277B50C4B9}.AppStore|iPhoneSimulator.Build.0 = Release|Any CPU
		{E4F148BC-45E1-4A09-8A1B-F1277B50C4B9}.AppStore|iPhoneSimulator.Deploy.0 = Release|Any CPU
		{E4F148BC-45E1-4A09-8A1B-F1277B50C4B9}.AppStore|x64.ActiveCfg = Release|Any CPU
		{E4F148BC-45E1-4A09-8A1B-F1277B50C4B9}.AppStore|x64.Build.0 = Release|Any CPU
		{E4F148BC-45E1-4A09-8A1B-F1277B50C4B9}.AppStore|x64.Deploy.0 = Release|Any CPU
		{E4F148BC-45E1-4A09-8A1B-F1277B50C4B9}.AppStore|x86.ActiveCfg = Release|Any CPU
		{E4F148BC-45E1-4A09-8A1B-F1277B50C4B9}.AppStore|x86.Build.0 = Release|Any CPU
		{E4F148BC-45E1-4A09-8A1B-F1277B50C4B9}.AppStore|x86.Deploy.0 = Release|Any CPU
		{E4F148BC-45E1-4A09-8A1B-F1277B50C4B9}.Debug|Any CPU.ActiveCfg = Debug|Any CPU
		{E4F148BC-45E1-4A09-8A1B-F1277B50C4B9}.Debug|Any CPU.Build.0 = Debug|Any CPU
		{E4F148BC-45E1-4A09-8A1B-F1277B50C4B9}.Debug|Any CPU.Deploy.0 = Debug|Any CPU
		{E4F148BC-45E1-4A09-8A1B-F1277B50C4B9}.Debug|ARM.ActiveCfg = Debug|Any CPU
		{E4F148BC-45E1-4A09-8A1B-F1277B50C4B9}.Debug|ARM.Build.0 = Debug|Any CPU
		{E4F148BC-45E1-4A09-8A1B-F1277B50C4B9}.Debug|ARM.Deploy.0 = Debug|Any CPU
		{E4F148BC-45E1-4A09-8A1B-F1277B50C4B9}.Debug|iPhone.ActiveCfg = Debug|Any CPU
		{E4F148BC-45E1-4A09-8A1B-F1277B50C4B9}.Debug|iPhone.Build.0 = Debug|Any CPU
		{E4F148BC-45E1-4A09-8A1B-F1277B50C4B9}.Debug|iPhone.Deploy.0 = Debug|Any CPU
		{E4F148BC-45E1-4A09-8A1B-F1277B50C4B9}.Debug|iPhoneSimulator.ActiveCfg = Debug|Any CPU
		{E4F148BC-45E1-4A09-8A1B-F1277B50C4B9}.Debug|iPhoneSimulator.Build.0 = Debug|Any CPU
		{E4F148BC-45E1-4A09-8A1B-F1277B50C4B9}.Debug|iPhoneSimulator.Deploy.0 = Debug|Any CPU
		{E4F148BC-45E1-4A09-8A1B-F1277B50C4B9}.Debug|x64.ActiveCfg = Debug|Any CPU
		{E4F148BC-45E1-4A09-8A1B-F1277B50C4B9}.Debug|x64.Build.0 = Debug|Any CPU
		{E4F148BC-45E1-4A09-8A1B-F1277B50C4B9}.Debug|x64.Deploy.0 = Debug|Any CPU
		{E4F148BC-45E1-4A09-8A1B-F1277B50C4B9}.Debug|x86.ActiveCfg = Debug|Any CPU
		{E4F148BC-45E1-4A09-8A1B-F1277B50C4B9}.Debug|x86.Build.0 = Debug|Any CPU
		{E4F148BC-45E1-4A09-8A1B-F1277B50C4B9}.Debug|x86.Deploy.0 = Debug|Any CPU
		{E4F148BC-45E1-4A09-8A1B-F1277B50C4B9}.Release|Any CPU.ActiveCfg = Release|Any CPU
		{E4F148BC-45E1-4A09-8A1B-F1277B50C4B9}.Release|Any CPU.Build.0 = Release|Any CPU
		{E4F148BC-45E1-4A09-8A1B-F1277B50C4B9}.Release|Any CPU.Deploy.0 = Release|Any CPU
		{E4F148BC-45E1-4A09-8A1B-F1277B50C4B9}.Release|ARM.ActiveCfg = Release|Any CPU
		{E4F148BC-45E1-4A09-8A1B-F1277B50C4B9}.Release|ARM.Build.0 = Release|Any CPU
		{E4F148BC-45E1-4A09-8A1B-F1277B50C4B9}.Release|ARM.Deploy.0 = Release|Any CPU
		{E4F148BC-45E1-4A09-8A1B-F1277B50C4B9}.Release|iPhone.ActiveCfg = Release|Any CPU
		{E4F148BC-45E1-4A09-8A1B-F1277B50C4B9}.Release|iPhone.Build.0 = Release|Any CPU
		{E4F148BC-45E1-4A09-8A1B-F1277B50C4B9}.Release|iPhone.Deploy.0 = Release|Any CPU
		{E4F148BC-45E1-4A09-8A1B-F1277B50C4B9}.Release|iPhoneSimulator.ActiveCfg = Release|Any CPU
		{E4F148BC-45E1-4A09-8A1B-F1277B50C4B9}.Release|iPhoneSimulator.Build.0 = Release|Any CPU
		{E4F148BC-45E1-4A09-8A1B-F1277B50C4B9}.Release|iPhoneSimulator.Deploy.0 = Release|Any CPU
		{E4F148BC-45E1-4A09-8A1B-F1277B50C4B9}.Release|x64.ActiveCfg = Release|Any CPU
		{E4F148BC-45E1-4A09-8A1B-F1277B50C4B9}.Release|x64.Build.0 = Release|Any CPU
		{E4F148BC-45E1-4A09-8A1B-F1277B50C4B9}.Release|x64.Deploy.0 = Release|Any CPU
		{E4F148BC-45E1-4A09-8A1B-F1277B50C4B9}.Release|x86.ActiveCfg = Release|Any CPU
		{E4F148BC-45E1-4A09-8A1B-F1277B50C4B9}.Release|x86.Build.0 = Release|Any CPU
		{E4F148BC-45E1-4A09-8A1B-F1277B50C4B9}.Release|x86.Deploy.0 = Release|Any CPU
		{00E9CE97-DE11-40DA-8171-0878C794C434}.Ad-Hoc|Any CPU.ActiveCfg = Release|x86
		{00E9CE97-DE11-40DA-8171-0878C794C434}.Ad-Hoc|Any CPU.Build.0 = Release|x86
		{00E9CE97-DE11-40DA-8171-0878C794C434}.Ad-Hoc|Any CPU.Deploy.0 = Release|x86
		{00E9CE97-DE11-40DA-8171-0878C794C434}.Ad-Hoc|ARM.ActiveCfg = Release|ARM
		{00E9CE97-DE11-40DA-8171-0878C794C434}.Ad-Hoc|ARM.Build.0 = Release|ARM
		{00E9CE97-DE11-40DA-8171-0878C794C434}.Ad-Hoc|ARM.Deploy.0 = Release|ARM
		{00E9CE97-DE11-40DA-8171-0878C794C434}.Ad-Hoc|iPhone.ActiveCfg = Release|x86
		{00E9CE97-DE11-40DA-8171-0878C794C434}.Ad-Hoc|iPhone.Build.0 = Release|x86
		{00E9CE97-DE11-40DA-8171-0878C794C434}.Ad-Hoc|iPhone.Deploy.0 = Release|x86
		{00E9CE97-DE11-40DA-8171-0878C794C434}.Ad-Hoc|iPhoneSimulator.ActiveCfg = Release|x86
		{00E9CE97-DE11-40DA-8171-0878C794C434}.Ad-Hoc|iPhoneSimulator.Build.0 = Release|x86
		{00E9CE97-DE11-40DA-8171-0878C794C434}.Ad-Hoc|iPhoneSimulator.Deploy.0 = Release|x86
		{00E9CE97-DE11-40DA-8171-0878C794C434}.Ad-Hoc|x64.ActiveCfg = Release|x64
		{00E9CE97-DE11-40DA-8171-0878C794C434}.Ad-Hoc|x64.Build.0 = Release|x64
		{00E9CE97-DE11-40DA-8171-0878C794C434}.Ad-Hoc|x64.Deploy.0 = Release|x64
		{00E9CE97-DE11-40DA-8171-0878C794C434}.Ad-Hoc|x86.ActiveCfg = Release|x86
		{00E9CE97-DE11-40DA-8171-0878C794C434}.Ad-Hoc|x86.Build.0 = Release|x86
		{00E9CE97-DE11-40DA-8171-0878C794C434}.Ad-Hoc|x86.Deploy.0 = Release|x86
		{00E9CE97-DE11-40DA-8171-0878C794C434}.AppStore|Any CPU.ActiveCfg = Release|x86
		{00E9CE97-DE11-40DA-8171-0878C794C434}.AppStore|Any CPU.Build.0 = Release|x86
		{00E9CE97-DE11-40DA-8171-0878C794C434}.AppStore|Any CPU.Deploy.0 = Release|x86
		{00E9CE97-DE11-40DA-8171-0878C794C434}.AppStore|ARM.ActiveCfg = Release|ARM
		{00E9CE97-DE11-40DA-8171-0878C794C434}.AppStore|ARM.Build.0 = Release|ARM
		{00E9CE97-DE11-40DA-8171-0878C794C434}.AppStore|ARM.Deploy.0 = Release|ARM
		{00E9CE97-DE11-40DA-8171-0878C794C434}.AppStore|iPhone.ActiveCfg = Release|x86
		{00E9CE97-DE11-40DA-8171-0878C794C434}.AppStore|iPhone.Build.0 = Release|x86
		{00E9CE97-DE11-40DA-8171-0878C794C434}.AppStore|iPhone.Deploy.0 = Release|x86
		{00E9CE97-DE11-40DA-8171-0878C794C434}.AppStore|iPhoneSimulator.ActiveCfg = Release|x86
		{00E9CE97-DE11-40DA-8171-0878C794C434}.AppStore|iPhoneSimulator.Build.0 = Release|x86
		{00E9CE97-DE11-40DA-8171-0878C794C434}.AppStore|iPhoneSimulator.Deploy.0 = Release|x86
		{00E9CE97-DE11-40DA-8171-0878C794C434}.AppStore|x64.ActiveCfg = Release|x64
		{00E9CE97-DE11-40DA-8171-0878C794C434}.AppStore|x64.Build.0 = Release|x64
		{00E9CE97-DE11-40DA-8171-0878C794C434}.AppStore|x64.Deploy.0 = Release|x64
		{00E9CE97-DE11-40DA-8171-0878C794C434}.AppStore|x86.ActiveCfg = Release|x86
		{00E9CE97-DE11-40DA-8171-0878C794C434}.AppStore|x86.Build.0 = Release|x86
		{00E9CE97-DE11-40DA-8171-0878C794C434}.AppStore|x86.Deploy.0 = Release|x86
		{00E9CE97-DE11-40DA-8171-0878C794C434}.Debug|Any CPU.ActiveCfg = Debug|x86
		{00E9CE97-DE11-40DA-8171-0878C794C434}.Debug|ARM.ActiveCfg = Debug|ARM
		{00E9CE97-DE11-40DA-8171-0878C794C434}.Debug|ARM.Build.0 = Debug|ARM
		{00E9CE97-DE11-40DA-8171-0878C794C434}.Debug|ARM.Deploy.0 = Debug|ARM
		{00E9CE97-DE11-40DA-8171-0878C794C434}.Debug|iPhone.ActiveCfg = Debug|x86
		{00E9CE97-DE11-40DA-8171-0878C794C434}.Debug|iPhoneSimulator.ActiveCfg = Debug|x86
		{00E9CE97-DE11-40DA-8171-0878C794C434}.Debug|x64.ActiveCfg = Debug|x64
		{00E9CE97-DE11-40DA-8171-0878C794C434}.Debug|x64.Build.0 = Debug|x64
		{00E9CE97-DE11-40DA-8171-0878C794C434}.Debug|x64.Deploy.0 = Debug|x64
		{00E9CE97-DE11-40DA-8171-0878C794C434}.Debug|x86.ActiveCfg = Debug|x86
		{00E9CE97-DE11-40DA-8171-0878C794C434}.Debug|x86.Build.0 = Debug|x86
		{00E9CE97-DE11-40DA-8171-0878C794C434}.Debug|x86.Deploy.0 = Debug|x86
		{00E9CE97-DE11-40DA-8171-0878C794C434}.Release|Any CPU.ActiveCfg = Release|x86
		{00E9CE97-DE11-40DA-8171-0878C794C434}.Release|ARM.ActiveCfg = Release|ARM
		{00E9CE97-DE11-40DA-8171-0878C794C434}.Release|ARM.Build.0 = Release|ARM
		{00E9CE97-DE11-40DA-8171-0878C794C434}.Release|ARM.Deploy.0 = Release|ARM
		{00E9CE97-DE11-40DA-8171-0878C794C434}.Release|iPhone.ActiveCfg = Release|x86
		{00E9CE97-DE11-40DA-8171-0878C794C434}.Release|iPhoneSimulator.ActiveCfg = Release|x86
		{00E9CE97-DE11-40DA-8171-0878C794C434}.Release|x64.ActiveCfg = Release|x64
		{00E9CE97-DE11-40DA-8171-0878C794C434}.Release|x64.Build.0 = Release|x64
		{00E9CE97-DE11-40DA-8171-0878C794C434}.Release|x64.Deploy.0 = Release|x64
		{00E9CE97-DE11-40DA-8171-0878C794C434}.Release|x86.ActiveCfg = Release|x86
		{00E9CE97-DE11-40DA-8171-0878C794C434}.Release|x86.Build.0 = Release|x86
		{00E9CE97-DE11-40DA-8171-0878C794C434}.Release|x86.Deploy.0 = Release|x86
	EndGlobalSection
	GlobalSection(SolutionProperties) = preSolution
		HideSolutionNode = FALSE
	EndGlobalSection
EndGlobal
