
Microsoft Visual Studio Solution File, Format Version 12.00
# Visual Studio 14
VisualStudioVersion = 14.0.25420.1
MinimumVisualStudioVersion = 10.0.40219.1
Project("{FAE04EC0-301F-11D3-BF4B-00C04F79EFBC}") = "SocialPetApp.Droid", "SocialPetApp\SocialPetApp.Droid\SocialPetApp.Droid.csproj", "{28352ED0-152B-4BF0-9AAD-DA126CBE71ED}"
EndProject
Project("{FAE04EC0-301F-11D3-BF4B-00C04F79EFBC}") = "SocialPetApp", "SocialPetApp\SocialPetApp\SocialPetApp.csproj", "{8730353D-519B-4019-AAB8-470ABE424EEF}"
EndProject
Global
	GlobalSection(SolutionConfigurationPlatforms) = preSolution
		Debug|Any CPU = Debug|Any CPU
		Debug|iPhone = Debug|iPhone
		Debug|iPhoneSimulator = Debug|iPhoneSimulator
		Release|Any CPU = Release|Any CPU
		Release|iPhone = Release|iPhone
		Release|iPhoneSimulator = Release|iPhoneSimulator
	EndGlobalSection
	GlobalSection(ProjectConfigurationPlatforms) = postSolution
		{28352ED0-152B-4BF0-9AAD-DA126CBE71ED}.Debug|Any CPU.ActiveCfg = Debug|Any CPU
		{28352ED0-152B-4BF0-9AAD-DA126CBE71ED}.Debug|Any CPU.Build.0 = Debug|Any CPU
		{28352ED0-152B-4BF0-9AAD-DA126CBE71ED}.Debug|Any CPU.Deploy.0 = Debug|Any CPU
		{28352ED0-152B-4BF0-9AAD-DA126CBE71ED}.Debug|iPhone.ActiveCfg = Debug|Any CPU
		{28352ED0-152B-4BF0-9AAD-DA126CBE71ED}.Debug|iPhone.Build.0 = Debug|Any CPU
		{28352ED0-152B-4BF0-9AAD-DA126CBE71ED}.Debug|iPhone.Deploy.0 = Debug|Any CPU
		{28352ED0-152B-4BF0-9AAD-DA126CBE71ED}.Debug|iPhoneSimulator.ActiveCfg = Debug|Any CPU
		{28352ED0-152B-4BF0-9AAD-DA126CBE71ED}.Debug|iPhoneSimulator.Build.0 = Debug|Any CPU
		{28352ED0-152B-4BF0-9AAD-DA126CBE71ED}.Debug|iPhoneSimulator.Deploy.0 = Debug|Any CPU
		{28352ED0-152B-4BF0-9AAD-DA126CBE71ED}.Release|Any CPU.ActiveCfg = Release|Any CPU
		{28352ED0-152B-4BF0-9AAD-DA126CBE71ED}.Release|Any CPU.Build.0 = Release|Any CPU
		{28352ED0-152B-4BF0-9AAD-DA126CBE71ED}.Release|Any CPU.Deploy.0 = Release|Any CPU
		{28352ED0-152B-4BF0-9AAD-DA126CBE71ED}.Release|iPhone.ActiveCfg = Release|Any CPU
		{28352ED0-152B-4BF0-9AAD-DA126CBE71ED}.Release|iPhone.Build.0 = Release|Any CPU
		{28352ED0-152B-4BF0-9AAD-DA126CBE71ED}.Release|iPhone.Deploy.0 = Release|Any CPU
		{28352ED0-152B-4BF0-9AAD-DA126CBE71ED}.Release|iPhoneSimulator.ActiveCfg = Release|Any CPU
		{28352ED0-152B-4BF0-9AAD-DA126CBE71ED}.Release|iPhoneSimulator.Build.0 = Release|Any CPU
		{28352ED0-152B-4BF0-9AAD-DA126CBE71ED}.Release|iPhoneSimulator.Deploy.0 = Release|Any CPU
		{8730353D-519B-4019-AAB8-470ABE424EEF}.Debug|Any CPU.ActiveCfg = Debug|Any CPU
		{8730353D-519B-4019-AAB8-470ABE424EEF}.Debug|Any CPU.Build.0 = Debug|Any CPU
		{8730353D-519B-4019-AAB8-470ABE424EEF}.Debug|iPhone.ActiveCfg = Debug|Any CPU
		{8730353D-519B-4019-AAB8-470ABE424EEF}.Debug|iPhone.Build.0 = Debug|Any CPU
		{8730353D-519B-4019-AAB8-470ABE424EEF}.Debug|iPhoneSimulator.ActiveCfg = Debug|Any CPU
		{8730353D-519B-4019-AAB8-470ABE424EEF}.Debug|iPhoneSimulator.Build.0 = Debug|Any CPU
		{8730353D-519B-4019-AAB8-470ABE424EEF}.Release|Any CPU.ActiveCfg = Release|Any CPU
		{8730353D-519B-4019-AAB8-470ABE424EEF}.Release|Any CPU.Build.0 = Release|Any CPU
		{8730353D-519B-4019-AAB8-470ABE424EEF}.Release|iPhone.ActiveCfg = Release|Any CPU
		{8730353D-519B-4019-AAB8-470ABE424EEF}.Release|iPhone.Build.0 = Release|Any CPU
		{8730353D-519B-4019-AAB8-470ABE424EEF}.Release|iPhoneSimulator.ActiveCfg = Release|Any CPU
		{8730353D-519B-4019-AAB8-470ABE424EEF}.Release|iPhoneSimulator.Build.0 = Release|Any CPU
	EndGlobalSection
	GlobalSection(SolutionProperties) = preSolution
		HideSolutionNode = FALSE
	EndGlobalSection
EndGlobal
