
Microsoft Visual Studio Solution File, Format Version 12.00
# Visual Studio 14
VisualStudioVersion = 14.0.25420.1
MinimumVisualStudioVersion = 10.0.40219.1
Project("{FAE04EC0-301F-11D3-BF4B-00C04F79EFBC}") = "SocialPet_V1.Android", "SocialPet-V1\SocialPet_V1.Android\SocialPet_V1.Android.csproj", "{520D993E-F983-480D-A150-4EB0BFFD108F}"
EndProject
Project("{D954291E-2A0B-460D-934E-DC6B0785DB48}") = "SocialPet_V1", "SocialPet-V1\SocialPet_V1\SocialPet_V1.shproj", "{6CE95E7B-0ED8-494C-A366-AEA3C9391C24}"
EndProject
Global
	GlobalSection(SharedMSBuildProjectFiles) = preSolution
		SocialPet-V1\SocialPet_V1\SocialPet_V1.projitems*{6ce95e7b-0ed8-494c-a366-aea3c9391c24}*SharedItemsImports = 13
	EndGlobalSection
	GlobalSection(SolutionConfigurationPlatforms) = preSolution
		Debug|Any CPU = Debug|Any CPU
		Debug|iPhone = Debug|iPhone
		Debug|iPhoneSimulator = Debug|iPhoneSimulator
		Release|Any CPU = Release|Any CPU
		Release|iPhone = Release|iPhone
		Release|iPhoneSimulator = Release|iPhoneSimulator
	EndGlobalSection
	GlobalSection(ProjectConfigurationPlatforms) = postSolution
		{520D993E-F983-480D-A150-4EB0BFFD108F}.Debug|Any CPU.ActiveCfg = Debug|Any CPU
		{520D993E-F983-480D-A150-4EB0BFFD108F}.Debug|Any CPU.Build.0 = Debug|Any CPU
		{520D993E-F983-480D-A150-4EB0BFFD108F}.Debug|Any CPU.Deploy.0 = Debug|Any CPU
		{520D993E-F983-480D-A150-4EB0BFFD108F}.Debug|iPhone.ActiveCfg = Debug|Any CPU
		{520D993E-F983-480D-A150-4EB0BFFD108F}.Debug|iPhone.Build.0 = Debug|Any CPU
		{520D993E-F983-480D-A150-4EB0BFFD108F}.Debug|iPhone.Deploy.0 = Debug|Any CPU
		{520D993E-F983-480D-A150-4EB0BFFD108F}.Debug|iPhoneSimulator.ActiveCfg = Debug|Any CPU
		{520D993E-F983-480D-A150-4EB0BFFD108F}.Debug|iPhoneSimulator.Build.0 = Debug|Any CPU
		{520D993E-F983-480D-A150-4EB0BFFD108F}.Debug|iPhoneSimulator.Deploy.0 = Debug|Any CPU
		{520D993E-F983-480D-A150-4EB0BFFD108F}.Release|Any CPU.ActiveCfg = Release|Any CPU
		{520D993E-F983-480D-A150-4EB0BFFD108F}.Release|Any CPU.Build.0 = Release|Any CPU
		{520D993E-F983-480D-A150-4EB0BFFD108F}.Release|Any CPU.Deploy.0 = Release|Any CPU
		{520D993E-F983-480D-A150-4EB0BFFD108F}.Release|iPhone.ActiveCfg = Release|Any CPU
		{520D993E-F983-480D-A150-4EB0BFFD108F}.Release|iPhone.Build.0 = Release|Any CPU
		{520D993E-F983-480D-A150-4EB0BFFD108F}.Release|iPhone.Deploy.0 = Release|Any CPU
		{520D993E-F983-480D-A150-4EB0BFFD108F}.Release|iPhoneSimulator.ActiveCfg = Release|Any CPU
		{520D993E-F983-480D-A150-4EB0BFFD108F}.Release|iPhoneSimulator.Build.0 = Release|Any CPU
		{520D993E-F983-480D-A150-4EB0BFFD108F}.Release|iPhoneSimulator.Deploy.0 = Release|Any CPU
	EndGlobalSection
	GlobalSection(SolutionProperties) = preSolution
		HideSolutionNode = FALSE
	EndGlobalSection
EndGlobal
